
Microsoft Visual Studio Solution File, Format Version 12.00
# Visual Studio 15
VisualStudioVersion = 15.0.27130.2036
MinimumVisualStudioVersion = 10.0.40219.1
Project("{FAE04EC0-301F-11D3-BF4B-00C04F79EFBC}") = "Parking", "Parking\Parking.csproj", "{B0DECFB1-9733-430F-84D9-ECF6D6F505F0}"
EndProject
Project("{FAE04EC0-301F-11D3-BF4B-00C04F79EFBC}") = "Parkink.Repositories", "Parkink.Repositories\Parkink.Repositories.csproj", "{ACB9510E-8C8E-42A3-9E89-36906D47FABB}"
EndProject
Global
	GlobalSection(SolutionConfigurationPlatforms) = preSolution
		Debug|Any CPU = Debug|Any CPU
		Release|Any CPU = Release|Any CPU
	EndGlobalSection
	GlobalSection(ProjectConfigurationPlatforms) = postSolution
		{B0DECFB1-9733-430F-84D9-ECF6D6F505F0}.Debug|Any CPU.ActiveCfg = Debug|Any CPU
		{B0DECFB1-9733-430F-84D9-ECF6D6F505F0}.Debug|Any CPU.Build.0 = Debug|Any CPU
		{B0DECFB1-9733-430F-84D9-ECF6D6F505F0}.Release|Any CPU.ActiveCfg = Release|Any CPU
		{B0DECFB1-9733-430F-84D9-ECF6D6F505F0}.Release|Any CPU.Build.0 = Release|Any CPU
		{ACB9510E-8C8E-42A3-9E89-36906D47FABB}.Debug|Any CPU.ActiveCfg = Debug|Any CPU
		{ACB9510E-8C8E-42A3-9E89-36906D47FABB}.Debug|Any CPU.Build.0 = Debug|Any CPU
		{ACB9510E-8C8E-42A3-9E89-36906D47FABB}.Release|Any CPU.ActiveCfg = Release|Any CPU
		{ACB9510E-8C8E-42A3-9E89-36906D47FABB}.Release|Any CPU.Build.0 = Release|Any CPU
	EndGlobalSection
	GlobalSection(SolutionProperties) = preSolution
		HideSolutionNode = FALSE
	EndGlobalSection
	GlobalSection(ExtensibilityGlobals) = postSolution
		SolutionGuid = {1304FC5B-A2C5-4B07-A610-93EB97BE77FD}
	EndGlobalSection
EndGlobal
